{
	"name": "sobrinojulian.github.io",
	"version": "1.0.0",
	"lockfileVersion": 1,
	"requires": true,
	"dependencies": {
		"sobrinojulian": {
			"version": "1.1.0",
			"resolved": "https://registry.npmjs.org/sobrinojulian/-/sobrinojulian-1.1.0.tgz",
			"integrity": "sha512-aBtO7C7P9mNQl2O/83D8HTVN9M5CaAfNyKNzympQh19j4EUGr+KsIeu3he5M0OzJrr7caLgdSbvHAWLWB5SNug=="
		}
	}
}
